
Microsoft Visual Studio Solution File, Format Version 12.00
# Visual Studio 15
VisualStudioVersion = 15.0.28307.271
MinimumVisualStudioVersion = 10.0.40219.1
Project("{9A19103F-16F7-4668-BE54-9A1E7A4F7556}") = "Sticky", "Sticky\Sticky.csproj", "{DA696B15-A332-45B3-B901-D7F6CC8A7C4F}"
EndProject
Project("{9A19103F-16F7-4668-BE54-9A1E7A4F7556}") = "AccessLayer", "AccessLayer\AccessLayer.csproj", "{002E30A0-F808-49FF-A0AE-5CFF389FA2B8}"
EndProject
Global
	GlobalSection(SolutionConfigurationPlatforms) = preSolution
		Debug|Any CPU = Debug|Any CPU
		Release|Any CPU = Release|Any CPU
	EndGlobalSection
	GlobalSection(ProjectConfigurationPlatforms) = postSolution
		{DA696B15-A332-45B3-B901-D7F6CC8A7C4F}.Debug|Any CPU.ActiveCfg = Debug|Any CPU
		{DA696B15-A332-45B3-B901-D7F6CC8A7C4F}.Debug|Any CPU.Build.0 = Debug|Any CPU
		{DA696B15-A332-45B3-B901-D7F6CC8A7C4F}.Release|Any CPU.ActiveCfg = Release|Any CPU
		{DA696B15-A332-45B3-B901-D7F6CC8A7C4F}.Release|Any CPU.Build.0 = Release|Any CPU
		{002E30A0-F808-49FF-A0AE-5CFF389FA2B8}.Debug|Any CPU.ActiveCfg = Debug|Any CPU
		{002E30A0-F808-49FF-A0AE-5CFF389FA2B8}.Debug|Any CPU.Build.0 = Debug|Any CPU
		{002E30A0-F808-49FF-A0AE-5CFF389FA2B8}.Release|Any CPU.ActiveCfg = Release|Any CPU
		{002E30A0-F808-49FF-A0AE-5CFF389FA2B8}.Release|Any CPU.Build.0 = Release|Any CPU
	EndGlobalSection
	GlobalSection(SolutionProperties) = preSolution
		HideSolutionNode = FALSE
	EndGlobalSection
	GlobalSection(ExtensibilityGlobals) = postSolution
		SolutionGuid = {C9279B48-9967-4C92-AFB6-6B2591737243}
	EndGlobalSection
EndGlobal
